// !$*UTF8*$!
{
	archiveVersion = 1;
	classes = {
	};
	objectVersion = 46;
	objects = {

/* Begin PBXBuildFile section */
		4D2149611ACA8E2F00AF922E /* AppDelegate.swift in Sources */ = {isa = PBXBuildFile; fileRef = 4D2149601ACA8E2F00AF922E /* AppDelegate.swift */; };
		4D2149631ACA8E2F00AF922E /* ViewController.swift in Sources */ = {isa = PBXBuildFile; fileRef = 4D2149621ACA8E2F00AF922E /* ViewController.swift */; };
		4D2149661ACA8E2F00AF922E /* Main.storyboard in Resources */ = {isa = PBXBuildFile; fileRef = 4D2149641ACA8E2F00AF922E /* Main.storyboard */; };
		4D2149681ACA8E2F00AF922E /* Images.xcassets in Resources */ = {isa = PBXBuildFile; fileRef = 4D2149671ACA8E2F00AF922E /* Images.xcassets */; };
		4D21496B1ACA8E2F00AF922E /* LaunchScreen.xib in Resources */ = {isa = PBXBuildFile; fileRef = 4D2149691ACA8E2F00AF922E /* LaunchScreen.xib */; };
		4D21498A1ACA8E5300AF922E /* Moya.h in Headers */ = {isa = PBXBuildFile; fileRef = 4D2149891ACA8E5300AF922E /* Moya.h */; settings = {ATTRIBUTES = (Public, ); }; };
		4D2149901ACA8E5300AF922E /* Moya.framework in Frameworks */ = {isa = PBXBuildFile; fileRef = 4D2149851ACA8E5300AF922E /* Moya.framework */; };
		4D2149991ACA8E5300AF922E /* MoyaTests.swift in Sources */ = {isa = PBXBuildFile; fileRef = 4D2149981ACA8E5300AF922E /* MoyaTests.swift */; };
		4D21499C1ACA8E5300AF922E /* Moya.framework in Frameworks */ = {isa = PBXBuildFile; fileRef = 4D2149851ACA8E5300AF922E /* Moya.framework */; };
		4D21499D1ACA8E5300AF922E /* Moya.framework in Embed Frameworks */ = {isa = PBXBuildFile; fileRef = 4D2149851ACA8E5300AF922E /* Moya.framework */; settings = {ATTRIBUTES = (CodeSignOnCopy, RemoveHeadersOnCopy, ); }; };
		4D2149A91ACA900300AF922E /* Endpoint.swift in Sources */ = {isa = PBXBuildFile; fileRef = 4D2149A51ACA900300AF922E /* Endpoint.swift */; };
		4D2149AA1ACA900300AF922E /* Moya.swift in Sources */ = {isa = PBXBuildFile; fileRef = 4D2149A61ACA900300AF922E /* Moya.swift */; };
		4D2149AB1ACA900300AF922E /* Moya+ReactiveCocoa.swift in Sources */ = {isa = PBXBuildFile; fileRef = 4D2149A71ACA900300AF922E /* Moya+ReactiveCocoa.swift */; };
		4D2149AC1ACA900300AF922E /* RACSignal+Moya.swift in Sources */ = {isa = PBXBuildFile; fileRef = 4D2149A81ACA900300AF922E /* RACSignal+Moya.swift */; };
		4D2149B01ACA90FA00AF922E /* Alamofire.framework in Frameworks */ = {isa = PBXBuildFile; fileRef = 4D2149AD1ACA90FA00AF922E /* Alamofire.framework */; };
		4D2149B11ACA90FA00AF922E /* LlamaKit.framework in Frameworks */ = {isa = PBXBuildFile; fileRef = 4D2149AE1ACA90FA00AF922E /* LlamaKit.framework */; };
		4D2149B21ACA90FA00AF922E /* ReactiveCocoa.framework in Frameworks */ = {isa = PBXBuildFile; fileRef = 4D2149AF1ACA90FA00AF922E /* ReactiveCocoa.framework */; };
/* End PBXBuildFile section */

/* Begin PBXContainerItemProxy section */
		4D2149911ACA8E5300AF922E /* PBXContainerItemProxy */ = {
			isa = PBXContainerItemProxy;
			containerPortal = 4D2149531ACA8E2F00AF922E /* Project object */;
			proxyType = 1;
			remoteGlobalIDString = 4D2149841ACA8E5300AF922E;
			remoteInfo = Moya;
		};
		4D2149931ACA8E5300AF922E /* PBXContainerItemProxy */ = {
			isa = PBXContainerItemProxy;
			containerPortal = 4D2149531ACA8E2F00AF922E /* Project object */;
			proxyType = 1;
			remoteGlobalIDString = 4D21495A1ACA8E2F00AF922E;
			remoteInfo = Example;
		};
		4D21499A1ACA8E5300AF922E /* PBXContainerItemProxy */ = {
			isa = PBXContainerItemProxy;
			containerPortal = 4D2149531ACA8E2F00AF922E /* Project object */;
			proxyType = 1;
			remoteGlobalIDString = 4D2149841ACA8E5300AF922E;
			remoteInfo = Moya;
		};
/* End PBXContainerItemProxy section */

/* Begin PBXCopyFilesBuildPhase section */
		4D2149A11ACA8E5300AF922E /* Embed Frameworks */ = {
			isa = PBXCopyFilesBuildPhase;
			buildActionMask = 2147483647;
			dstPath = "";
			dstSubfolderSpec = 10;
			files = (
				4D21499D1ACA8E5300AF922E /* Moya.framework in Embed Frameworks */,
			);
			name = "Embed Frameworks";
			runOnlyForDeploymentPostprocessing = 0;
		};
/* End PBXCopyFilesBuildPhase section */

/* Begin PBXFileReference section */
		4D21495B1ACA8E2F00AF922E /* Example.app */ = {isa = PBXFileReference; explicitFileType = wrapper.application; includeInIndex = 0; path = Example.app; sourceTree = BUILT_PRODUCTS_DIR; };
		4D21495F1ACA8E2F00AF922E /* Info.plist */ = {isa = PBXFileReference; lastKnownFileType = text.plist.xml; path = Info.plist; sourceTree = "<group>"; };
		4D2149601ACA8E2F00AF922E /* AppDelegate.swift */ = {isa = PBXFileReference; lastKnownFileType = sourcecode.swift; path = AppDelegate.swift; sourceTree = "<group>"; };
		4D2149621ACA8E2F00AF922E /* ViewController.swift */ = {isa = PBXFileReference; lastKnownFileType = sourcecode.swift; path = ViewController.swift; sourceTree = "<group>"; };
		4D2149651ACA8E2F00AF922E /* Base */ = {isa = PBXFileReference; lastKnownFileType = file.storyboard; name = Base; path = Base.lproj/Main.storyboard; sourceTree = "<group>"; };
		4D2149671ACA8E2F00AF922E /* Images.xcassets */ = {isa = PBXFileReference; lastKnownFileType = folder.assetcatalog; path = Images.xcassets; sourceTree = "<group>"; };
		4D21496A1ACA8E2F00AF922E /* Base */ = {isa = PBXFileReference; lastKnownFileType = file.xib; name = Base; path = Base.lproj/LaunchScreen.xib; sourceTree = "<group>"; };
		4D2149851ACA8E5300AF922E /* Moya.framework */ = {isa = PBXFileReference; explicitFileType = wrapper.framework; includeInIndex = 0; path = Moya.framework; sourceTree = BUILT_PRODUCTS_DIR; };
		4D2149881ACA8E5300AF922E /* Info.plist */ = {isa = PBXFileReference; lastKnownFileType = text.plist.xml; path = Info.plist; sourceTree = "<group>"; };
		4D2149891ACA8E5300AF922E /* Moya.h */ = {isa = PBXFileReference; lastKnownFileType = sourcecode.c.h; path = Moya.h; sourceTree = "<group>"; };
		4D21498F1ACA8E5300AF922E /* MoyaTests.xctest */ = {isa = PBXFileReference; explicitFileType = wrapper.cfbundle; includeInIndex = 0; path = MoyaTests.xctest; sourceTree = BUILT_PRODUCTS_DIR; };
		4D2149971ACA8E5300AF922E /* Info.plist */ = {isa = PBXFileReference; lastKnownFileType = text.plist.xml; path = Info.plist; sourceTree = "<group>"; };
		4D2149981ACA8E5300AF922E /* MoyaTests.swift */ = {isa = PBXFileReference; lastKnownFileType = sourcecode.swift; path = MoyaTests.swift; sourceTree = "<group>"; };
		4D2149A51ACA900300AF922E /* Endpoint.swift */ = {isa = PBXFileReference; fileEncoding = 4; lastKnownFileType = sourcecode.swift; path = Endpoint.swift; sourceTree = "<group>"; };
		4D2149A61ACA900300AF922E /* Moya.swift */ = {isa = PBXFileReference; fileEncoding = 4; lastKnownFileType = sourcecode.swift; path = Moya.swift; sourceTree = "<group>"; };
		4D2149A71ACA900300AF922E /* Moya+ReactiveCocoa.swift */ = {isa = PBXFileReference; fileEncoding = 4; lastKnownFileType = sourcecode.swift; path = "Moya+ReactiveCocoa.swift"; sourceTree = "<group>"; };
		4D2149A81ACA900300AF922E /* RACSignal+Moya.swift */ = {isa = PBXFileReference; fileEncoding = 4; lastKnownFileType = sourcecode.swift; path = "RACSignal+Moya.swift"; sourceTree = "<group>"; };
		4D2149AD1ACA90FA00AF922E /* Alamofire.framework */ = {isa = PBXFileReference; lastKnownFileType = wrapper.framework; name = Alamofire.framework; path = Carthage/Build/iOS/Alamofire.framework; sourceTree = "<group>"; };
		4D2149AE1ACA90FA00AF922E /* LlamaKit.framework */ = {isa = PBXFileReference; lastKnownFileType = wrapper.framework; name = LlamaKit.framework; path = Carthage/Build/iOS/LlamaKit.framework; sourceTree = "<group>"; };
		4D2149AF1ACA90FA00AF922E /* ReactiveCocoa.framework */ = {isa = PBXFileReference; lastKnownFileType = wrapper.framework; name = ReactiveCocoa.framework; path = Carthage/Build/iOS/ReactiveCocoa.framework; sourceTree = "<group>"; };
/* End PBXFileReference section */

/* Begin PBXFrameworksBuildPhase section */
		4D2149581ACA8E2F00AF922E /* Frameworks */ = {
			isa = PBXFrameworksBuildPhase;
			buildActionMask = 2147483647;
			files = (
				4D21499C1ACA8E5300AF922E /* Moya.framework in Frameworks */,
			);
			runOnlyForDeploymentPostprocessing = 0;
		};
		4D2149811ACA8E5300AF922E /* Frameworks */ = {
			isa = PBXFrameworksBuildPhase;
			buildActionMask = 2147483647;
			files = (
				4D2149B01ACA90FA00AF922E /* Alamofire.framework in Frameworks */,
				4D2149B11ACA90FA00AF922E /* LlamaKit.framework in Frameworks */,
				4D2149B21ACA90FA00AF922E /* ReactiveCocoa.framework in Frameworks */,
			);
			runOnlyForDeploymentPostprocessing = 0;
		};
		4D21498C1ACA8E5300AF922E /* Frameworks */ = {
			isa = PBXFrameworksBuildPhase;
			buildActionMask = 2147483647;
			files = (
				4D2149901ACA8E5300AF922E /* Moya.framework in Frameworks */,
			);
			runOnlyForDeploymentPostprocessing = 0;
		};
/* End PBXFrameworksBuildPhase section */

/* Begin PBXGroup section */
		4D2149521ACA8E2F00AF922E = {
			isa = PBXGroup;
			children = (
				4D21495D1ACA8E2F00AF922E /* Example */,
				4D2149861ACA8E5300AF922E /* Moya */,
				4D2149951ACA8E5300AF922E /* MoyaTests */,
				4D2149B31ACA919500AF922E /* Carthage */,
				4D21495C1ACA8E2F00AF922E /* Products */,
			);
			sourceTree = "<group>";
		};
		4D21495C1ACA8E2F00AF922E /* Products */ = {
			isa = PBXGroup;
			children = (
				4D21495B1ACA8E2F00AF922E /* Example.app */,
				4D2149851ACA8E5300AF922E /* Moya.framework */,
				4D21498F1ACA8E5300AF922E /* MoyaTests.xctest */,
			);
			name = Products;
			sourceTree = "<group>";
		};
		4D21495D1ACA8E2F00AF922E /* Example */ = {
			isa = PBXGroup;
			children = (
				4D2149601ACA8E2F00AF922E /* AppDelegate.swift */,
				4D2149621ACA8E2F00AF922E /* ViewController.swift */,
				4D2149641ACA8E2F00AF922E /* Main.storyboard */,
				4D2149671ACA8E2F00AF922E /* Images.xcassets */,
				4D2149691ACA8E2F00AF922E /* LaunchScreen.xib */,
				4D21495E1ACA8E2F00AF922E /* Supporting Files */,
			);
			path = Example;
			sourceTree = "<group>";
		};
		4D21495E1ACA8E2F00AF922E /* Supporting Files */ = {
			isa = PBXGroup;
			children = (
				4D21495F1ACA8E2F00AF922E /* Info.plist */,
			);
			name = "Supporting Files";
			sourceTree = "<group>";
		};
		4D2149861ACA8E5300AF922E /* Moya */ = {
			isa = PBXGroup;
			children = (
				4D2149A51ACA900300AF922E /* Endpoint.swift */,
				4D2149A61ACA900300AF922E /* Moya.swift */,
				4D2149A71ACA900300AF922E /* Moya+ReactiveCocoa.swift */,
				4D2149A81ACA900300AF922E /* RACSignal+Moya.swift */,
				4D2149891ACA8E5300AF922E /* Moya.h */,
				4D2149871ACA8E5300AF922E /* Supporting Files */,
			);
			path = Moya;
			sourceTree = "<group>";
		};
		4D2149871ACA8E5300AF922E /* Supporting Files */ = {
			isa = PBXGroup;
			children = (
				4D2149881ACA8E5300AF922E /* Info.plist */,
			);
			name = "Supporting Files";
			sourceTree = "<group>";
		};
		4D2149951ACA8E5300AF922E /* MoyaTests */ = {
			isa = PBXGroup;
			children = (
				4D2149981ACA8E5300AF922E /* MoyaTests.swift */,
				4D2149961ACA8E5300AF922E /* Supporting Files */,
			);
			path = MoyaTests;
			sourceTree = "<group>";
		};
		4D2149961ACA8E5300AF922E /* Supporting Files */ = {
			isa = PBXGroup;
			children = (
				4D2149971ACA8E5300AF922E /* Info.plist */,
			);
			name = "Supporting Files";
			sourceTree = "<group>";
		};
		4D2149B31ACA919500AF922E /* Carthage */ = {
			isa = PBXGroup;
			children = (
				4D2149AD1ACA90FA00AF922E /* Alamofire.framework */,
				4D2149AE1ACA90FA00AF922E /* LlamaKit.framework */,
				4D2149AF1ACA90FA00AF922E /* ReactiveCocoa.framework */,
			);
			name = Carthage;
			sourceTree = "<group>";
		};
/* End PBXGroup section */

/* Begin PBXHeadersBuildPhase section */
		4D2149821ACA8E5300AF922E /* Headers */ = {
			isa = PBXHeadersBuildPhase;
			buildActionMask = 2147483647;
			files = (
				4D21498A1ACA8E5300AF922E /* Moya.h in Headers */,
			);
			runOnlyForDeploymentPostprocessing = 0;
		};
/* End PBXHeadersBuildPhase section */

/* Begin PBXNativeTarget section */
		4D21495A1ACA8E2F00AF922E /* Example */ = {
			isa = PBXNativeTarget;
			buildConfigurationList = 4D21497A1ACA8E2F00AF922E /* Build configuration list for PBXNativeTarget "Example" */;
			buildPhases = (
				4D2149571ACA8E2F00AF922E /* Sources */,
				4D2149581ACA8E2F00AF922E /* Frameworks */,
				4D2149591ACA8E2F00AF922E /* Resources */,
				4D2149A11ACA8E5300AF922E /* Embed Frameworks */,
			);
			buildRules = (
			);
			dependencies = (
				4D21499B1ACA8E5300AF922E /* PBXTargetDependency */,
			);
			name = Example;
			productName = Example;
			productReference = 4D21495B1ACA8E2F00AF922E /* Example.app */;
			productType = "com.apple.product-type.application";
		};
		4D2149841ACA8E5300AF922E /* Moya */ = {
			isa = PBXNativeTarget;
			buildConfigurationList = 4D21499E1ACA8E5300AF922E /* Build configuration list for PBXNativeTarget "Moya" */;
			buildPhases = (
				4D2149801ACA8E5300AF922E /* Sources */,
				4D2149811ACA8E5300AF922E /* Frameworks */,
				4D2149821ACA8E5300AF922E /* Headers */,
				4D2149831ACA8E5300AF922E /* Resources */,
			);
			buildRules = (
			);
			dependencies = (
			);
			name = Moya;
			productName = Moya;
			productReference = 4D2149851ACA8E5300AF922E /* Moya.framework */;
			productType = "com.apple.product-type.framework";
		};
		4D21498E1ACA8E5300AF922E /* MoyaTests */ = {
			isa = PBXNativeTarget;
			buildConfigurationList = 4D2149A21ACA8E5300AF922E /* Build configuration list for PBXNativeTarget "MoyaTests" */;
			buildPhases = (
				4D21498B1ACA8E5300AF922E /* Sources */,
				4D21498C1ACA8E5300AF922E /* Frameworks */,
				4D21498D1ACA8E5300AF922E /* Resources */,
			);
			buildRules = (
			);
			dependencies = (
				4D2149921ACA8E5300AF922E /* PBXTargetDependency */,
				4D2149941ACA8E5300AF922E /* PBXTargetDependency */,
			);
			name = MoyaTests;
			productName = MoyaTests;
			productReference = 4D21498F1ACA8E5300AF922E /* MoyaTests.xctest */;
			productType = "com.apple.product-type.bundle.unit-test";
		};
/* End PBXNativeTarget section */

/* Begin PBXProject section */
		4D2149531ACA8E2F00AF922E /* Project object */ = {
			isa = PBXProject;
			attributes = {
				LastUpgradeCheck = 0630;
				ORGANIZATIONNAME = "Alexander Schuch";
				TargetAttributes = {
					4D21495A1ACA8E2F00AF922E = {
						CreatedOnToolsVersion = 6.3;
					};
					4D2149841ACA8E5300AF922E = {
						CreatedOnToolsVersion = 6.3;
					};
					4D21498E1ACA8E5300AF922E = {
						CreatedOnToolsVersion = 6.3;
						TestTargetID = 4D21495A1ACA8E2F00AF922E;
					};
				};
			};
			buildConfigurationList = 4D2149561ACA8E2F00AF922E /* Build configuration list for PBXProject "Example" */;
			compatibilityVersion = "Xcode 3.2";
			developmentRegion = English;
			hasScannedForEncodings = 0;
			knownRegions = (
				en,
				Base,
			);
			mainGroup = 4D2149521ACA8E2F00AF922E;
			productRefGroup = 4D21495C1ACA8E2F00AF922E /* Products */;
			projectDirPath = "";
			projectRoot = "";
			targets = (
				4D21495A1ACA8E2F00AF922E /* Example */,
				4D2149841ACA8E5300AF922E /* Moya */,
				4D21498E1ACA8E5300AF922E /* MoyaTests */,
			);
		};
/* End PBXProject section */

/* Begin PBXResourcesBuildPhase section */
		4D2149591ACA8E2F00AF922E /* Resources */ = {
			isa = PBXResourcesBuildPhase;
			buildActionMask = 2147483647;
			files = (
				4D2149661ACA8E2F00AF922E /* Main.storyboard in Resources */,
				4D21496B1ACA8E2F00AF922E /* LaunchScreen.xib in Resources */,
				4D2149681ACA8E2F00AF922E /* Images.xcassets in Resources */,
			);
			runOnlyForDeploymentPostprocessing = 0;
		};
		4D2149831ACA8E5300AF922E /* Resources */ = {
			isa = PBXResourcesBuildPhase;
			buildActionMask = 2147483647;
			files = (
			);
			runOnlyForDeploymentPostprocessing = 0;
		};
		4D21498D1ACA8E5300AF922E /* Resources */ = {
			isa = PBXResourcesBuildPhase;
			buildActionMask = 2147483647;
			files = (
			);
			runOnlyForDeploymentPostprocessing = 0;
		};
/* End PBXResourcesBuildPhase section */

/* Begin PBXSourcesBuildPhase section */
		4D2149571ACA8E2F00AF922E /* Sources */ = {
			isa = PBXSourcesBuildPhase;
			buildActionMask = 2147483647;
			files = (
				4D2149631ACA8E2F00AF922E /* ViewController.swift in Sources */,
				4D2149611ACA8E2F00AF922E /* AppDelegate.swift in Sources */,
			);
			runOnlyForDeploymentPostprocessing = 0;
		};
		4D2149801ACA8E5300AF922E /* Sources */ = {
			isa = PBXSourcesBuildPhase;
			buildActionMask = 2147483647;
			files = (
				4D2149AC1ACA900300AF922E /* RACSignal+Moya.swift in Sources */,
				4D2149AB1ACA900300AF922E /* Moya+ReactiveCocoa.swift in Sources */,
				4D2149A91ACA900300AF922E /* Endpoint.swift in Sources */,
				4D2149AA1ACA900300AF922E /* Moya.swift in Sources */,
			);
			runOnlyForDeploymentPostprocessing = 0;
		};
		4D21498B1ACA8E5300AF922E /* Sources */ = {
			isa = PBXSourcesBuildPhase;
			buildActionMask = 2147483647;
			files = (
				4D2149991ACA8E5300AF922E /* MoyaTests.swift in Sources */,
			);
			runOnlyForDeploymentPostprocessing = 0;
		};
/* End PBXSourcesBuildPhase section */

/* Begin PBXTargetDependency section */
		4D2149921ACA8E5300AF922E /* PBXTargetDependency */ = {
			isa = PBXTargetDependency;
			target = 4D2149841ACA8E5300AF922E /* Moya */;
			targetProxy = 4D2149911ACA8E5300AF922E /* PBXContainerItemProxy */;
		};
		4D2149941ACA8E5300AF922E /* PBXTargetDependency */ = {
			isa = PBXTargetDependency;
			target = 4D21495A1ACA8E2F00AF922E /* Example */;
			targetProxy = 4D2149931ACA8E5300AF922E /* PBXContainerItemProxy */;
		};
		4D21499B1ACA8E5300AF922E /* PBXTargetDependency */ = {
			isa = PBXTargetDependency;
			target = 4D2149841ACA8E5300AF922E /* Moya */;
			targetProxy = 4D21499A1ACA8E5300AF922E /* PBXContainerItemProxy */;
		};
/* End PBXTargetDependency section */

/* Begin PBXVariantGroup section */
		4D2149641ACA8E2F00AF922E /* Main.storyboard */ = {
			isa = PBXVariantGroup;
			children = (
				4D2149651ACA8E2F00AF922E /* Base */,
			);
			name = Main.storyboard;
			sourceTree = "<group>";
		};
		4D2149691ACA8E2F00AF922E /* LaunchScreen.xib */ = {
			isa = PBXVariantGroup;
			children = (
				4D21496A1ACA8E2F00AF922E /* Base */,
			);
			name = LaunchScreen.xib;
			sourceTree = "<group>";
		};
/* End PBXVariantGroup section */

/* Begin XCBuildConfiguration section */
		4D2149781ACA8E2F00AF922E /* Debug */ = {
			isa = XCBuildConfiguration;
			buildSettings = {
				ALWAYS_SEARCH_USER_PATHS = NO;
				CLANG_CXX_LANGUAGE_STANDARD = "gnu++0x";
				CLANG_CXX_LIBRARY = "libc++";
				CLANG_ENABLE_MODULES = YES;
				CLANG_ENABLE_OBJC_ARC = YES;
				CLANG_WARN_BOOL_CONVERSION = YES;
				CLANG_WARN_CONSTANT_CONVERSION = YES;
				CLANG_WARN_DIRECT_OBJC_ISA_USAGE = YES_ERROR;
				CLANG_WARN_EMPTY_BODY = YES;
				CLANG_WARN_ENUM_CONVERSION = YES;
				CLANG_WARN_INT_CONVERSION = YES;
				CLANG_WARN_OBJC_ROOT_CLASS = YES_ERROR;
				CLANG_WARN_UNREACHABLE_CODE = YES;
				CLANG_WARN__DUPLICATE_METHOD_MATCH = YES;
				"CODE_SIGN_IDENTITY[sdk=iphoneos*]" = "iPhone Developer";
				COPY_PHASE_STRIP = NO;
				DEBUG_INFORMATION_FORMAT = "dwarf-with-dsym";
				ENABLE_STRICT_OBJC_MSGSEND = YES;
				GCC_C_LANGUAGE_STANDARD = gnu99;
				GCC_DYNAMIC_NO_PIC = NO;
				GCC_NO_COMMON_BLOCKS = YES;
				GCC_OPTIMIZATION_LEVEL = 0;
				GCC_PREPROCESSOR_DEFINITIONS = (
					"DEBUG=1",
					"$(inherited)",
				);
				GCC_SYMBOLS_PRIVATE_EXTERN = NO;
				GCC_WARN_64_TO_32_BIT_CONVERSION = YES;
				GCC_WARN_ABOUT_RETURN_TYPE = YES_ERROR;
				GCC_WARN_UNDECLARED_SELECTOR = YES;
				GCC_WARN_UNINITIALIZED_AUTOS = YES_AGGRESSIVE;
				GCC_WARN_UNUSED_FUNCTION = YES;
				GCC_WARN_UNUSED_VARIABLE = YES;
				IPHONEOS_DEPLOYMENT_TARGET = 8.0;
				MTL_ENABLE_DEBUG_INFO = YES;
				ONLY_ACTIVE_ARCH = YES;
				SDKROOT = iphoneos;
				SWIFT_OPTIMIZATION_LEVEL = "-Onone";
				TARGETED_DEVICE_FAMILY = "1,2";
			};
			name = Debug;
		};
		4D2149791ACA8E2F00AF922E /* Release */ = {
			isa = XCBuildConfiguration;
			buildSettings = {
				ALWAYS_SEARCH_USER_PATHS = NO;
				CLANG_CXX_LANGUAGE_STANDARD = "gnu++0x";
				CLANG_CXX_LIBRARY = "libc++";
				CLANG_ENABLE_MODULES = YES;
				CLANG_ENABLE_OBJC_ARC = YES;
				CLANG_WARN_BOOL_CONVERSION = YES;
				CLANG_WARN_CONSTANT_CONVERSION = YES;
				CLANG_WARN_DIRECT_OBJC_ISA_USAGE = YES_ERROR;
				CLANG_WARN_EMPTY_BODY = YES;
				CLANG_WARN_ENUM_CONVERSION = YES;
				CLANG_WARN_INT_CONVERSION = YES;
				CLANG_WARN_OBJC_ROOT_CLASS = YES_ERROR;
				CLANG_WARN_UNREACHABLE_CODE = YES;
				CLANG_WARN__DUPLICATE_METHOD_MATCH = YES;
				"CODE_SIGN_IDENTITY[sdk=iphoneos*]" = "iPhone Developer";
				COPY_PHASE_STRIP = NO;
				DEBUG_INFORMATION_FORMAT = "dwarf-with-dsym";
				ENABLE_NS_ASSERTIONS = NO;
				ENABLE_STRICT_OBJC_MSGSEND = YES;
				GCC_C_LANGUAGE_STANDARD = gnu99;
				GCC_NO_COMMON_BLOCKS = YES;
				GCC_WARN_64_TO_32_BIT_CONVERSION = YES;
				GCC_WARN_ABOUT_RETURN_TYPE = YES_ERROR;
				GCC_WARN_UNDECLARED_SELECTOR = YES;
				GCC_WARN_UNINITIALIZED_AUTOS = YES_AGGRESSIVE;
				GCC_WARN_UNUSED_FUNCTION = YES;
				GCC_WARN_UNUSED_VARIABLE = YES;
				IPHONEOS_DEPLOYMENT_TARGET = 8.0;
				MTL_ENABLE_DEBUG_INFO = NO;
				SDKROOT = iphoneos;
				TARGETED_DEVICE_FAMILY = "1,2";
				VALIDATE_PRODUCT = YES;
			};
			name = Release;
		};
		4D21497B1ACA8E2F00AF922E /* Debug */ = {
			isa = XCBuildConfiguration;
			buildSettings = {
				ASSETCATALOG_COMPILER_APPICON_NAME = AppIcon;
				INFOPLIST_FILE = Example/Info.plist;
				LD_RUNPATH_SEARCH_PATHS = "$(inherited) @executable_path/Frameworks";
				PRODUCT_NAME = "$(TARGET_NAME)";
			};
			name = Debug;
		};
		4D21497C1ACA8E2F00AF922E /* Release */ = {
			isa = XCBuildConfiguration;
			buildSettings = {
				ASSETCATALOG_COMPILER_APPICON_NAME = AppIcon;
				INFOPLIST_FILE = Example/Info.plist;
				LD_RUNPATH_SEARCH_PATHS = "$(inherited) @executable_path/Frameworks";
				PRODUCT_NAME = "$(TARGET_NAME)";
			};
			name = Release;
		};
		4D21499F1ACA8E5300AF922E /* Debug */ = {
			isa = XCBuildConfiguration;
			buildSettings = {
				CLANG_ENABLE_MODULES = YES;
				CURRENT_PROJECT_VERSION = 1;
				DEFINES_MODULE = YES;
				DYLIB_COMPATIBILITY_VERSION = 1;
				DYLIB_CURRENT_VERSION = 1;
				DYLIB_INSTALL_NAME_BASE = "@rpath";
				FRAMEWORK_SEARCH_PATHS = (
					"$(inherited)",
					"$(PROJECT_DIR)/Carthage/Build/iOS",
				);
				GCC_PREPROCESSOR_DEFINITIONS = (
					"DEBUG=1",
					"$(inherited)",
				);
				INFOPLIST_FILE = Moya/Info.plist;
				INSTALL_PATH = "$(LOCAL_LIBRARY_DIR)/Frameworks";
				IPHONEOS_DEPLOYMENT_TARGET = 8.0;
				LD_RUNPATH_SEARCH_PATHS = "$(inherited) @executable_path/Frameworks @loader_path/Frameworks";
				PRODUCT_NAME = "$(TARGET_NAME)";
				SKIP_INSTALL = YES;
				SWIFT_OPTIMIZATION_LEVEL = "-Onone";
				VERSIONING_SYSTEM = "apple-generic";
				VERSION_INFO_PREFIX = "";
			};
			name = Debug;
		};
		4D2149A01ACA8E5300AF922E /* Release */ = {
			isa = XCBuildConfiguration;
			buildSettings = {
				CLANG_ENABLE_MODULES = YES;
				CURRENT_PROJECT_VERSION = 1;
				DEFINES_MODULE = YES;
				DYLIB_COMPATIBILITY_VERSION = 1;
				DYLIB_CURRENT_VERSION = 1;
				DYLIB_INSTALL_NAME_BASE = "@rpath";
				FRAMEWORK_SEARCH_PATHS = (
					"$(inherited)",
					"$(PROJECT_DIR)/Carthage/Build/iOS",
				);
				INFOPLIST_FILE = Moya/Info.plist;
				INSTALL_PATH = "$(LOCAL_LIBRARY_DIR)/Frameworks";
				IPHONEOS_DEPLOYMENT_TARGET = 8.0;
				LD_RUNPATH_SEARCH_PATHS = "$(inherited) @executable_path/Frameworks @loader_path/Frameworks";
				PRODUCT_NAME = "$(TARGET_NAME)";
				SKIP_INSTALL = YES;
				VERSIONING_SYSTEM = "apple-generic";
				VERSION_INFO_PREFIX = "";
			};
			name = Release;
		};
		4D2149A31ACA8E5300AF922E /* Debug */ = {
			isa = XCBuildConfiguration;
			buildSettings = {
				FRAMEWORK_SEARCH_PATHS = (
					"$(SDKROOT)/Developer/Library/Frameworks",
					"$(inherited)",
				);
				GCC_PREPROCESSOR_DEFINITIONS = (
					"DEBUG=1",
					"$(inherited)",
				);
				INFOPLIST_FILE = MoyaTests/Info.plist;
				LD_RUNPATH_SEARCH_PATHS = "$(inherited) @executable_path/Frameworks @loader_path/Frameworks";
				PRODUCT_NAME = "$(TARGET_NAME)";
				TEST_HOST = "$(BUILT_PRODUCTS_DIR)/Example.app/Example";
			};
			name = Debug;
		};
		4D2149A41ACA8E5300AF922E /* Release */ = {
			isa = XCBuildConfiguration;
			buildSettings = {
				FRAMEWORK_SEARCH_PATHS = (
					"$(SDKROOT)/Developer/Library/Frameworks",
					"$(inherited)",
				);
				INFOPLIST_FILE = MoyaTests/Info.plist;
				LD_RUNPATH_SEARCH_PATHS = "$(inherited) @executable_path/Frameworks @loader_path/Frameworks";
				PRODUCT_NAME = "$(TARGET_NAME)";
				TEST_HOST = "$(BUILT_PRODUCTS_DIR)/Example.app/Example";
			};
			name = Release;
		};
/* End XCBuildConfiguration section */

/* Begin XCConfigurationList section */
		4D2149561ACA8E2F00AF922E /* Build configuration list for PBXProject "Example" */ = {
			isa = XCConfigurationList;
			buildConfigurations = (
				4D2149781ACA8E2F00AF922E /* Debug */,
				4D2149791ACA8E2F00AF922E /* Release */,
			);
			defaultConfigurationIsVisible = 0;
			defaultConfigurationName = Release;
		};
		4D21497A1ACA8E2F00AF922E /* Build configuration list for PBXNativeTarget "Example" */ = {
			isa = XCConfigurationList;
			buildConfigurations = (
				4D21497B1ACA8E2F00AF922E /* Debug */,
				4D21497C1ACA8E2F00AF922E /* Release */,
			);
			defaultConfigurationIsVisible = 0;
		};
		4D21499E1ACA8E5300AF922E /* Build configuration list for PBXNativeTarget "Moya" */ = {
			isa = XCConfigurationList;
			buildConfigurations = (
				4D21499F1ACA8E5300AF922E /* Debug */,
				4D2149A01ACA8E5300AF922E /* Release */,
			);
			defaultConfigurationIsVisible = 0;
		};
		4D2149A21ACA8E5300AF922E /* Build configuration list for PBXNativeTarget "MoyaTests" */ = {
			isa = XCConfigurationList;
			buildConfigurations = (
				4D2149A31ACA8E5300AF922E /* Debug */,
				4D2149A41ACA8E5300AF922E /* Release */,
			);
			defaultConfigurationIsVisible = 0;
		};
/* End XCConfigurationList section */
	};
	rootObject = 4D2149531ACA8E2F00AF922E /* Project object */;
}
